
Microsoft Visual Studio Solution File, Format Version 12.00
# Visual Studio Version 17
VisualStudioVersion = 17.10.35027.167
MinimumVisualStudioVersion = 10.0.40219.1
Project("{FAE04EC0-301F-11D3-BF4B-00C04F79EFBC}") = "firstproject", "firstproject\firstproject.csproj", "{454DE954-E334-42F0-A4A2-3B5782C35919}"
EndProject
Global
	GlobalSection(SolutionConfigurationPlatforms) = preSolution
		Debug|Any CPU = Debug|Any CPU
		Release|Any CPU = Release|Any CPU
	EndGlobalSection
	GlobalSection(ProjectConfigurationPlatforms) = postSolution
		{454DE954-E334-42F0-A4A2-3B5782C35919}.Debug|Any CPU.ActiveCfg = Debug|Any CPU
		{454DE954-E334-42F0-A4A2-3B5782C35919}.Debug|Any CPU.Build.0 = Debug|Any CPU
		{454DE954-E334-42F0-A4A2-3B5782C35919}.Release|Any CPU.ActiveCfg = Release|Any CPU
		{454DE954-E334-42F0-A4A2-3B5782C35919}.Release|Any CPU.Build.0 = Release|Any CPU
	EndGlobalSection
	GlobalSection(SolutionProperties) = preSolution
		HideSolutionNode = FALSE
	EndGlobalSection
	GlobalSection(ExtensibilityGlobals) = postSolution
		SolutionGuid = {1123A5F8-4433-4533-8611-6EFA0C77EE8B}
	EndGlobalSection
EndGlobal
